# This file is autogenerated, do not edit; changes may be undone by the next 'dep ensure'.


[[projects]]
  name = "github.com/dgrijalva/jwt-go"
  packages = ["."]
  revision = "d2709f9f1f31ebcda9651b03077758c1f3a0018c"
  version = "v3.0.0"

[[projects]]
  branch = "master"
  name = "github.com/enodata/faker"
  packages = [".","locales"]
  revision = "42b4c440d9e55560eba634971aac3b622138a9ac"

[[projects]]
  name = "github.com/graphql-go/graphql"
  packages = [".","gqlerrors","language/ast","language/kinds","language/lexer","language/location","language/parser","language/printer","language/source","language/typeInfo","language/visitor"]
  revision = "105a6c24e6fdaf4008e56d947115a1a13dc46430"
  version = "v0.7.2"

[[projects]]
  name = "github.com/graphql-go/handler"
  packages = ["."]
  revision = "07e3dd439c1f4ec14e685af7c48e8863bcc42c9d"
  version = "v0.1.0"

[[projects]]
  name = "github.com/jinzhu/gorm"
  packages = [".","dialects/postgres"]
  revision = "5174cc5c242a728b435ea2be8a2f7f998e15429b"
  version = "v1.0"

[[projects]]
  branch = "master"
  name = "github.com/jinzhu/inflection"
  packages = ["."]
  revision = "1c35d901db3da928c72a72d8458480cc9ade058f"

[[projects]]
  name = "github.com/joho/godotenv"
  packages = ["."]
  revision = "726cc8b906e3d31c70a9671c90a13716a8d3f50d"
  version = "v1.1"

[[projects]]
  name = "github.com/labstack/gommon"
  packages = ["email","random"]
  revision = "779b8a8b9850a97acba6a3fe20feb628c39e17c1"
  version = "0.2.2"

[[projects]]
  branch = "master"
  name = "github.com/lib/pq"
  packages = [".","hstore","oid"]
  revision = "dd1fe2071026ce53f36a39112e645b4d4f5793a4"

[[projects]]
  name = "github.com/rs/cors"
  packages = ["."]
  revision = "7af7a1e09ba336d2ea14b1ce73bf693c6837dbf6"
  version = "v1.2"

[[projects]]
  branch = "master"
  name = "golang.org/x/net"
  packages = ["context"]
  revision = "1c05540f6879653db88113bc4a2b70aec4bd491f"

[solve-meta]
  analyzer-name = "dep"
  analyzer-version = 1
  inputs-digest = "1bc8091ed01d8cda3b0fd74bf3bff2a7912061e6d8f873b931b74e74ada9fe80"
  solver-name = "gps-cdcl"
  solver-version = 1
